{
  "name": "dula-story-bichong",
  "version": "0.1.0",
  "lockfileVersion": 3,
  "requires": true,
  "packages": {
    "": {
      "name": "dula-story-bichong",
      "version": "0.1.0",
      "dependencies": {
        "dula-assets": "file:../dula-assets",
        "dula-engine": "file:../dula-engine"
      }
    },
    "../dula-assets": {
      "version": "0.1.0",
      "dependencies": {
        "dula-engine": "file:../dula-engine",
        "three": "^0.183.2"
      }
    },
    "../dula-engine": {
      "version": "0.1.2",
      "license": "ISC",
      "dependencies": {
        "puppeteer": "^24.41.0",
        "three": "^0.183.2"
      },
      "bin": {
        "dula-audio": "bin/dula-audio.js",
        "dula-render": "bin/dula-render.js",
        "dula-verify": "bin/dula-verify.js"
      }
    },
    "node_modules/dula-assets": {
      "resolved": "../dula-assets",
      "link": true
    },
    "node_modules/dula-engine": {
      "resolved": "../dula-engine",
      "link": true
    }
  }
}
